
Microsoft Visual Studio Solution File, Format Version 12.00
# Visual Studio 14
VisualStudioVersion = 14.0.25123.0
MinimumVisualStudioVersion = 10.0.40219.1
Project("{FAE04EC0-301F-11D3-BF4B-00C04F79EFBC}") = "DublicateArrays", "DublicateArrays\DublicateArrays.csproj", "{67564049-36B2-412A-B900-7899D8939774}"
EndProject
Project("{FAE04EC0-301F-11D3-BF4B-00C04F79EFBC}") = "DublicateArraysTest", "DublicateArraysTest\DublicateArraysTest.csproj", "{8A7AE4CA-DE17-44AC-A558-BEC536E1AFC7}"
EndProject
Global
	GlobalSection(SolutionConfigurationPlatforms) = preSolution
		Debug|Any CPU = Debug|Any CPU
		Release|Any CPU = Release|Any CPU
	EndGlobalSection
	GlobalSection(ProjectConfigurationPlatforms) = postSolution
		{67564049-36B2-412A-B900-7899D8939774}.Debug|Any CPU.ActiveCfg = Debug|Any CPU
		{67564049-36B2-412A-B900-7899D8939774}.Debug|Any CPU.Build.0 = Debug|Any CPU
		{67564049-36B2-412A-B900-7899D8939774}.Release|Any CPU.ActiveCfg = Release|Any CPU
		{67564049-36B2-412A-B900-7899D8939774}.Release|Any CPU.Build.0 = Release|Any CPU
		{8A7AE4CA-DE17-44AC-A558-BEC536E1AFC7}.Debug|Any CPU.ActiveCfg = Debug|Any CPU
		{8A7AE4CA-DE17-44AC-A558-BEC536E1AFC7}.Debug|Any CPU.Build.0 = Debug|Any CPU
		{8A7AE4CA-DE17-44AC-A558-BEC536E1AFC7}.Release|Any CPU.ActiveCfg = Release|Any CPU
		{8A7AE4CA-DE17-44AC-A558-BEC536E1AFC7}.Release|Any CPU.Build.0 = Release|Any CPU
	EndGlobalSection
	GlobalSection(SolutionProperties) = preSolution
		HideSolutionNode = FALSE
	EndGlobalSection
EndGlobal
